
Microsoft Visual Studio Solution File, Format Version 12.00
# Visual Studio Version 17
VisualStudioVersion = 17.12.35514.174 d17.12
MinimumVisualStudioVersion = 10.0.40219.1
Project("{FAE04EC0-301F-11D3-BF4B-00C04F79EFBC}") = "AgendaContactsMySQL", "AgendaContactsMySQL\AgendaContactsMySQL.csproj", "{1D75E4F6-EE33-4076-B8E4-DB9D30FD235B}"
EndProject
Global
	GlobalSection(SolutionConfigurationPlatforms) = preSolution
		Debug|Any CPU = Debug|Any CPU
		Release|Any CPU = Release|Any CPU
	EndGlobalSection
	GlobalSection(ProjectConfigurationPlatforms) = postSolution
		{1D75E4F6-EE33-4076-B8E4-DB9D30FD235B}.Debug|Any CPU.ActiveCfg = Debug|Any CPU
		{1D75E4F6-EE33-4076-B8E4-DB9D30FD235B}.Debug|Any CPU.Build.0 = Debug|Any CPU
		{1D75E4F6-EE33-4076-B8E4-DB9D30FD235B}.Release|Any CPU.ActiveCfg = Release|Any CPU
		{1D75E4F6-EE33-4076-B8E4-DB9D30FD235B}.Release|Any CPU.Build.0 = Release|Any CPU
	EndGlobalSection
	GlobalSection(SolutionProperties) = preSolution
		HideSolutionNode = FALSE
	EndGlobalSection
EndGlobal
